2
git https://github.com/nektro/iguanaTLS commit-4dc8850883b49e4a452871298788b06b1af9fe24
git https://github.com/nektro/zfetch commit-863be236188e5f24d16554f9dcd7df96dd254a13
git https://github.com/nektro/zig-extras commit-74f0ddb0a4dfa7921739b88cc381951a6b6e73ce
git https://github.com/truemedian/hzzp commit-a7f03a1e652abe8c89b376d090cec50acb0d2a1a
