2
git https://github.com/nektro/iguanaTLS commit-b0e810ba8508681935ea7a5af857cc197dcdd279
git https://github.com/nektro/zfetch commit-ec3c02114dec5deff3310b590e69ce0aeb67b95b
git https://github.com/nektro/zig-extras commit-5c4543acadb6c24c05d68f79e4c9d2093457a629
git https://github.com/nektro/zig-git commit-b206fa9978ef2cc06bab4d307c7ed07f1f3b88af
git https://github.com/nektro/zig-intrusive-parser commit-eabd7f7b9b8defdbba5504d9ce2c93e1065ca34b
git https://github.com/nektro/zig-json commit-92dd6f67bbb52f060d5ac20719142b0211854290
git https://github.com/nektro/zig-time commit-25165db8e626434ab6eae2cff64ba5e72e4fa062
git https://github.com/nektro/zig-tracer commit-cc75b7f652c7cd51cbfa6e3c7e8155cd153bb68b
git https://github.com/truemedian/hzzp commit-ab212bd208f0eb54d85861679677c5e3dc9bb543
